
Microsoft Visual Studio Solution File, Format Version 11.00
# Visual Studio 2010
Project("{2150E333-8FDC-42A3-9474-1A3956D46DE8}") = "Presentation", "Presentation", "{D5E689AA-BE7E-4F5F-AF51-03F71C6C31B2}"
EndProject
Project("{2150E333-8FDC-42A3-9474-1A3956D46DE8}") = "Specs", "Specs", "{2322D330-1A60-4F79-B553-53DED803A098}"
EndProject
Project("{FAE04EC0-301F-11D3-BF4B-00C04F79EFBC}") = "CliqFlip.Web.Mvc", "CliqFlip.Web.Mvc\CliqFlip.Web.Mvc.csproj", "{39613BA0-1206-4A4B-A16A-C1F2A22D1267}"
EndProject
Project("{FAE04EC0-301F-11D3-BF4B-00C04F79EFBC}") = "CliqFlip.Tests", "CliqFlip.Tests\CliqFlip.Tests.csproj", "{CC4A233E-BE8A-47CC-A87C-8352BFD557B7}"
EndProject
Project("{2150E333-8FDC-42A3-9474-1A3956D46DE8}") = "Domain", "Domain", "{CAA74FBE-11EE-4B3E-8953-22DCFB6078BA}"
EndProject
Project("{FAE04EC0-301F-11D3-BF4B-00C04F79EFBC}") = "CliqFlip.Domain", "CliqFlip.Domain\CliqFlip.Domain.csproj", "{8DEF56CD-601E-443C-9DCE-C4EC54C0B6A6}"
EndProject
Project("{2150E333-8FDC-42A3-9474-1A3956D46DE8}") = "Infrastructure", "Infrastructure", "{322C2632-17A0-4B1E-AD0C-BF6B44B1FECD}"
EndProject
Project("{FAE04EC0-301F-11D3-BF4B-00C04F79EFBC}") = "CliqFlip.Infrastructure", "CliqFlip.Infrastructure\CliqFlip.Infrastructure.csproj", "{9544D94B-9B6E-4B61-8A09-88382205BF86}"
EndProject
Project("{2150E333-8FDC-42A3-9474-1A3956D46DE8}") = "Misc", "Misc", "{738FB754-B7A4-47D0-931B-7F20BA31557C}"
	ProjectSection(SolutionItems) = preProject
		..\README = ..\README
	EndProjectSection
EndProject
Project("{2150E333-8FDC-42A3-9474-1A3956D46DE8}") = "Tasks", "Tasks", "{0B359D18-9636-48D8-89F8-93061463E1E3}"
EndProject
Project("{FAE04EC0-301F-11D3-BF4B-00C04F79EFBC}") = "CliqFlip.Tasks", "CliqFlip.Tasks\CliqFlip.Tasks.csproj", "{C9AAC14B-E695-4508-83B7-ACB8FC5A7284}"
EndProject
Project("{2150E333-8FDC-42A3-9474-1A3956D46DE8}") = ".nuget", ".nuget", "{FDF1CFA8-45C2-428C-9950-5A170DEEA851}"
	ProjectSection(SolutionItems) = preProject
		.nuget\NuGet.Config = .nuget\NuGet.Config
		.nuget\nuget.exe = .nuget\nuget.exe
		.nuget\NuGet.targets = .nuget\NuGet.targets
	EndProjectSection
EndProject
Project("{FAE04EC0-301F-11D3-BF4B-00C04F79EFBC}") = "CliqFlip.Migrations", "CliqFlip.Migrations\CliqFlip.Migrations.csproj", "{212C165D-297B-4263-BE08-9210B5B758CC}"
EndProject
Project("{FAE04EC0-301F-11D3-BF4B-00C04F79EFBC}") = "CliqFlip.Service", "CliqFlip.Service\CliqFlip.Service.csproj", "{F37686DB-65B3-484C-A0D4-893E200C02FA}"
EndProject
Project("{FAE04EC0-301F-11D3-BF4B-00C04F79EFBC}") = "CliqFlip.Messaging", "CliqFlip.Messaging\CliqFlip.Messaging.csproj", "{D29D1692-8614-48A8-A984-CFF3844B9109}"
EndProject
Global
	GlobalSection(SolutionConfigurationPlatforms) = preSolution
		Debug|Any CPU = Debug|Any CPU
		Debug|Mixed Platforms = Debug|Mixed Platforms
		Debug|x86 = Debug|x86
		Release|Any CPU = Release|Any CPU
		Release|Mixed Platforms = Release|Mixed Platforms
		Release|x86 = Release|x86
	EndGlobalSection
	GlobalSection(ProjectConfigurationPlatforms) = postSolution
		{39613BA0-1206-4A4B-A16A-C1F2A22D1267}.Debug|Any CPU.ActiveCfg = Debug|Any CPU
		{39613BA0-1206-4A4B-A16A-C1F2A22D1267}.Debug|Any CPU.Build.0 = Debug|Any CPU
		{39613BA0-1206-4A4B-A16A-C1F2A22D1267}.Debug|Mixed Platforms.ActiveCfg = Debug|Any CPU
		{39613BA0-1206-4A4B-A16A-C1F2A22D1267}.Debug|Mixed Platforms.Build.0 = Debug|Any CPU
		{39613BA0-1206-4A4B-A16A-C1F2A22D1267}.Debug|x86.ActiveCfg = Debug|Any CPU
		{39613BA0-1206-4A4B-A16A-C1F2A22D1267}.Release|Any CPU.ActiveCfg = Release|Any CPU
		{39613BA0-1206-4A4B-A16A-C1F2A22D1267}.Release|Any CPU.Build.0 = Release|Any CPU
		{39613BA0-1206-4A4B-A16A-C1F2A22D1267}.Release|Mixed Platforms.ActiveCfg = Release|Any CPU
		{39613BA0-1206-4A4B-A16A-C1F2A22D1267}.Release|Mixed Platforms.Build.0 = Release|Any CPU
		{39613BA0-1206-4A4B-A16A-C1F2A22D1267}.Release|x86.ActiveCfg = Release|Any CPU
		{CC4A233E-BE8A-47CC-A87C-8352BFD557B7}.Debug|Any CPU.ActiveCfg = Debug|Any CPU
		{CC4A233E-BE8A-47CC-A87C-8352BFD557B7}.Debug|Any CPU.Build.0 = Debug|Any CPU
		{CC4A233E-BE8A-47CC-A87C-8352BFD557B7}.Debug|Mixed Platforms.ActiveCfg = Debug|Any CPU
		{CC4A233E-BE8A-47CC-A87C-8352BFD557B7}.Debug|Mixed Platforms.Build.0 = Debug|Any CPU
		{CC4A233E-BE8A-47CC-A87C-8352BFD557B7}.Debug|x86.ActiveCfg = Debug|Any CPU
		{CC4A233E-BE8A-47CC-A87C-8352BFD557B7}.Release|Any CPU.ActiveCfg = Release|Any CPU
		{CC4A233E-BE8A-47CC-A87C-8352BFD557B7}.Release|Any CPU.Build.0 = Release|Any CPU
		{CC4A233E-BE8A-47CC-A87C-8352BFD557B7}.Release|Mixed Platforms.ActiveCfg = Release|Any CPU
		{CC4A233E-BE8A-47CC-A87C-8352BFD557B7}.Release|Mixed Platforms.Build.0 = Release|Any CPU
		{CC4A233E-BE8A-47CC-A87C-8352BFD557B7}.Release|x86.ActiveCfg = Release|Any CPU
		{8DEF56CD-601E-443C-9DCE-C4EC54C0B6A6}.Debug|Any CPU.ActiveCfg = Debug|Any CPU
		{8DEF56CD-601E-443C-9DCE-C4EC54C0B6A6}.Debug|Any CPU.Build.0 = Debug|Any CPU
		{8DEF56CD-601E-443C-9DCE-C4EC54C0B6A6}.Debug|Mixed Platforms.ActiveCfg = Debug|Any CPU
		{8DEF56CD-601E-443C-9DCE-C4EC54C0B6A6}.Debug|Mixed Platforms.Build.0 = Debug|Any CPU
		{8DEF56CD-601E-443C-9DCE-C4EC54C0B6A6}.Debug|x86.ActiveCfg = Debug|Any CPU
		{8DEF56CD-601E-443C-9DCE-C4EC54C0B6A6}.Release|Any CPU.ActiveCfg = Release|Any CPU
		{8DEF56CD-601E-443C-9DCE-C4EC54C0B6A6}.Release|Any CPU.Build.0 = Release|Any CPU
		{8DEF56CD-601E-443C-9DCE-C4EC54C0B6A6}.Release|Mixed Platforms.ActiveCfg = Release|Any CPU
		{8DEF56CD-601E-443C-9DCE-C4EC54C0B6A6}.Release|Mixed Platforms.Build.0 = Release|Any CPU
		{8DEF56CD-601E-443C-9DCE-C4EC54C0B6A6}.Release|x86.ActiveCfg = Release|Any CPU
		{9544D94B-9B6E-4B61-8A09-88382205BF86}.Debug|Any CPU.ActiveCfg = Debug|Any CPU
		{9544D94B-9B6E-4B61-8A09-88382205BF86}.Debug|Any CPU.Build.0 = Debug|Any CPU
		{9544D94B-9B6E-4B61-8A09-88382205BF86}.Debug|Mixed Platforms.ActiveCfg = Debug|Any CPU
		{9544D94B-9B6E-4B61-8A09-88382205BF86}.Debug|Mixed Platforms.Build.0 = Debug|Any CPU
		{9544D94B-9B6E-4B61-8A09-88382205BF86}.Debug|x86.ActiveCfg = Debug|Any CPU
		{9544D94B-9B6E-4B61-8A09-88382205BF86}.Release|Any CPU.ActiveCfg = Release|Any CPU
		{9544D94B-9B6E-4B61-8A09-88382205BF86}.Release|Any CPU.Build.0 = Release|Any CPU
		{9544D94B-9B6E-4B61-8A09-88382205BF86}.Release|Mixed Platforms.ActiveCfg = Release|Any CPU
		{9544D94B-9B6E-4B61-8A09-88382205BF86}.Release|Mixed Platforms.Build.0 = Release|Any CPU
		{9544D94B-9B6E-4B61-8A09-88382205BF86}.Release|x86.ActiveCfg = Release|Any CPU
		{C9AAC14B-E695-4508-83B7-ACB8FC5A7284}.Debug|Any CPU.ActiveCfg = Debug|Any CPU
		{C9AAC14B-E695-4508-83B7-ACB8FC5A7284}.Debug|Any CPU.Build.0 = Debug|Any CPU
		{C9AAC14B-E695-4508-83B7-ACB8FC5A7284}.Debug|Mixed Platforms.ActiveCfg = Debug|Any CPU
		{C9AAC14B-E695-4508-83B7-ACB8FC5A7284}.Debug|Mixed Platforms.Build.0 = Debug|Any CPU
		{C9AAC14B-E695-4508-83B7-ACB8FC5A7284}.Debug|x86.ActiveCfg = Debug|Any CPU
		{C9AAC14B-E695-4508-83B7-ACB8FC5A7284}.Release|Any CPU.ActiveCfg = Release|Any CPU
		{C9AAC14B-E695-4508-83B7-ACB8FC5A7284}.Release|Any CPU.Build.0 = Release|Any CPU
		{C9AAC14B-E695-4508-83B7-ACB8FC5A7284}.Release|Mixed Platforms.ActiveCfg = Release|Any CPU
		{C9AAC14B-E695-4508-83B7-ACB8FC5A7284}.Release|Mixed Platforms.Build.0 = Release|Any CPU
		{C9AAC14B-E695-4508-83B7-ACB8FC5A7284}.Release|x86.ActiveCfg = Release|Any CPU
		{212C165D-297B-4263-BE08-9210B5B758CC}.Debug|Any CPU.ActiveCfg = Debug|Any CPU
		{212C165D-297B-4263-BE08-9210B5B758CC}.Debug|Any CPU.Build.0 = Debug|Any CPU
		{212C165D-297B-4263-BE08-9210B5B758CC}.Debug|Mixed Platforms.ActiveCfg = Debug|Any CPU
		{212C165D-297B-4263-BE08-9210B5B758CC}.Debug|Mixed Platforms.Build.0 = Debug|Any CPU
		{212C165D-297B-4263-BE08-9210B5B758CC}.Debug|x86.ActiveCfg = Debug|Any CPU
		{212C165D-297B-4263-BE08-9210B5B758CC}.Release|Any CPU.ActiveCfg = Release|Any CPU
		{212C165D-297B-4263-BE08-9210B5B758CC}.Release|Any CPU.Build.0 = Release|Any CPU
		{212C165D-297B-4263-BE08-9210B5B758CC}.Release|Mixed Platforms.ActiveCfg = Release|Any CPU
		{212C165D-297B-4263-BE08-9210B5B758CC}.Release|Mixed Platforms.Build.0 = Release|Any CPU
		{212C165D-297B-4263-BE08-9210B5B758CC}.Release|x86.ActiveCfg = Release|Any CPU
		{F37686DB-65B3-484C-A0D4-893E200C02FA}.Debug|Any CPU.ActiveCfg = Debug|x86
		{F37686DB-65B3-484C-A0D4-893E200C02FA}.Debug|Mixed Platforms.ActiveCfg = Debug|x86
		{F37686DB-65B3-484C-A0D4-893E200C02FA}.Debug|Mixed Platforms.Build.0 = Debug|x86
		{F37686DB-65B3-484C-A0D4-893E200C02FA}.Debug|x86.ActiveCfg = Debug|x86
		{F37686DB-65B3-484C-A0D4-893E200C02FA}.Debug|x86.Build.0 = Debug|x86
		{F37686DB-65B3-484C-A0D4-893E200C02FA}.Release|Any CPU.ActiveCfg = Release|x86
		{F37686DB-65B3-484C-A0D4-893E200C02FA}.Release|Mixed Platforms.ActiveCfg = Release|x86
		{F37686DB-65B3-484C-A0D4-893E200C02FA}.Release|Mixed Platforms.Build.0 = Release|x86
		{F37686DB-65B3-484C-A0D4-893E200C02FA}.Release|x86.ActiveCfg = Release|x86
		{F37686DB-65B3-484C-A0D4-893E200C02FA}.Release|x86.Build.0 = Release|x86
		{D29D1692-8614-48A8-A984-CFF3844B9109}.Debug|Any CPU.ActiveCfg = Debug|Any CPU
		{D29D1692-8614-48A8-A984-CFF3844B9109}.Debug|Any CPU.Build.0 = Debug|Any CPU
		{D29D1692-8614-48A8-A984-CFF3844B9109}.Debug|Mixed Platforms.ActiveCfg = Debug|Any CPU
		{D29D1692-8614-48A8-A984-CFF3844B9109}.Debug|Mixed Platforms.Build.0 = Debug|Any CPU
		{D29D1692-8614-48A8-A984-CFF3844B9109}.Debug|x86.ActiveCfg = Debug|Any CPU
		{D29D1692-8614-48A8-A984-CFF3844B9109}.Release|Any CPU.ActiveCfg = Release|Any CPU
		{D29D1692-8614-48A8-A984-CFF3844B9109}.Release|Any CPU.Build.0 = Release|Any CPU
		{D29D1692-8614-48A8-A984-CFF3844B9109}.Release|Mixed Platforms.ActiveCfg = Release|Any CPU
		{D29D1692-8614-48A8-A984-CFF3844B9109}.Release|Mixed Platforms.Build.0 = Release|Any CPU
		{D29D1692-8614-48A8-A984-CFF3844B9109}.Release|x86.ActiveCfg = Release|Any CPU
	EndGlobalSection
	GlobalSection(SolutionProperties) = preSolution
		HideSolutionNode = FALSE
	EndGlobalSection
	GlobalSection(NestedProjects) = preSolution
		{39613BA0-1206-4A4B-A16A-C1F2A22D1267} = {D5E689AA-BE7E-4F5F-AF51-03F71C6C31B2}
		{CC4A233E-BE8A-47CC-A87C-8352BFD557B7} = {2322D330-1A60-4F79-B553-53DED803A098}
		{8DEF56CD-601E-443C-9DCE-C4EC54C0B6A6} = {CAA74FBE-11EE-4B3E-8953-22DCFB6078BA}
		{D29D1692-8614-48A8-A984-CFF3844B9109} = {CAA74FBE-11EE-4B3E-8953-22DCFB6078BA}
		{9544D94B-9B6E-4B61-8A09-88382205BF86} = {322C2632-17A0-4B1E-AD0C-BF6B44B1FECD}
		{212C165D-297B-4263-BE08-9210B5B758CC} = {322C2632-17A0-4B1E-AD0C-BF6B44B1FECD}
		{F37686DB-65B3-484C-A0D4-893E200C02FA} = {322C2632-17A0-4B1E-AD0C-BF6B44B1FECD}
		{C9AAC14B-E695-4508-83B7-ACB8FC5A7284} = {0B359D18-9636-48D8-89F8-93061463E1E3}
	EndGlobalSection
EndGlobal
